// !$*UTF8*$!
{
	archiveVersion = 1;
	classes = {
	};
	objectVersion = 56;
	objects = {

/* Begin PBXBuildFile section */
		20279F482A76934700DD0AC5 /* AppDelegate.swift in Sources */ = {isa = PBXBuildFile; fileRef = 20279F472A76934700DD0AC5 /* AppDelegate.swift */; };
		20279F4A2A76934700DD0AC5 /* GameScene.sks in Resources */ = {isa = PBXBuildFile; fileRef = 20279F492A76934700DD0AC5 /* GameScene.sks */; };
		20279F4C2A76934700DD0AC5 /* Actions.sks in Resources */ = {isa = PBXBuildFile; fileRef = 20279F4B2A76934700DD0AC5 /* Actions.sks */; };
		20279F4E2A76934700DD0AC5 /* GameScene.swift in Sources */ = {isa = PBXBuildFile; fileRef = 20279F4D2A76934700DD0AC5 /* GameScene.swift */; };
		20279F502A76934700DD0AC5 /* GameViewController.swift in Sources */ = {isa = PBXBuildFile; fileRef = 20279F4F2A76934700DD0AC5 /* GameViewController.swift */; };
		20279F532A76934700DD0AC5 /* Main.storyboard in Resources */ = {isa = PBXBuildFile; fileRef = 20279F512A76934700DD0AC5 /* Main.storyboard */; };
		20279F552A76934900DD0AC5 /* Assets.xcassets in Resources */ = {isa = PBXBuildFile; fileRef = 20279F542A76934900DD0AC5 /* Assets.xcassets */; };
		20279F582A76934900DD0AC5 /* LaunchScreen.storyboard in Resources */ = {isa = PBXBuildFile; fileRef = 20279F562A76934900DD0AC5 /* LaunchScreen.storyboard */; };
		2081D1592A7F98FB00C9E1DC /* ucl.mp3 in Resources */ = {isa = PBXBuildFile; fileRef = 2081D1582A7F98FA00C9E1DC /* ucl.mp3 */; };
		20DD2E282A77F5BF00514C18 /* aşkınolayım.mp3 in Resources */ = {isa = PBXBuildFile; fileRef = 20DD2E272A77F5BF00514C18 /* aşkınolayım.mp3 */; };
		20DD2E2E2A7A7C4600514C18 /* bee.mp3 in Resources */ = {isa = PBXBuildFile; fileRef = 20DD2E2D2A7A7C4600514C18 /* bee.mp3 */; };
		20DD2E362A7BDF5C00514C18 /* MenuScene.sks in Resources */ = {isa = PBXBuildFile; fileRef = 20DD2E352A7BDF5C00514C18 /* MenuScene.sks */; };
		20DD2E382A7BE15D00514C18 /* MenuScene.swift in Sources */ = {isa = PBXBuildFile; fileRef = 20DD2E372A7BE15D00514C18 /* MenuScene.swift */; };
		20DD2E3A2A7BF6AB00514C18 /* GameSceneLevel2.sks in Resources */ = {isa = PBXBuildFile; fileRef = 20DD2E392A7BF6AB00514C18 /* GameSceneLevel2.sks */; };
		20DD2E3C2A7BF6B600514C18 /* GameSceneLevel2.swift in Sources */ = {isa = PBXBuildFile; fileRef = 20DD2E3B2A7BF6B600514C18 /* GameSceneLevel2.swift */; };
		20DD2E3E2A7C016500514C18 /* theme.mp3 in Resources */ = {isa = PBXBuildFile; fileRef = 20DD2E3D2A7C016500514C18 /* theme.mp3 */; };
		20ED85312A7D26A500742D56 /* GameSceneLevel3.sks in Resources */ = {isa = PBXBuildFile; fileRef = 20ED85302A7D26A500742D56 /* GameSceneLevel3.sks */; };
		20ED85332A7D26B500742D56 /* GameSceneLevel3.swift in Sources */ = {isa = PBXBuildFile; fileRef = 20ED85322A7D26B500742D56 /* GameSceneLevel3.swift */; };
/* End PBXBuildFile section */

/* Begin PBXFileReference section */
		20279F442A76934700DD0AC5 /* Championship Road.app */ = {isa = PBXFileReference; explicitFileType = wrapper.application; includeInIndex = 0; path = "Championship Road.app"; sourceTree = BUILT_PRODUCTS_DIR; };
		20279F472A76934700DD0AC5 /* AppDelegate.swift */ = {isa = PBXFileReference; lastKnownFileType = sourcecode.swift; path = AppDelegate.swift; sourceTree = "<group>"; };
		20279F492A76934700DD0AC5 /* GameScene.sks */ = {isa = PBXFileReference; lastKnownFileType = file.sks; path = GameScene.sks; sourceTree = "<group>"; };
		20279F4B2A76934700DD0AC5 /* Actions.sks */ = {isa = PBXFileReference; lastKnownFileType = file.sks; path = Actions.sks; sourceTree = "<group>"; };
		20279F4D2A76934700DD0AC5 /* GameScene.swift */ = {isa = PBXFileReference; lastKnownFileType = sourcecode.swift; path = GameScene.swift; sourceTree = "<group>"; };
		20279F4F2A76934700DD0AC5 /* GameViewController.swift */ = {isa = PBXFileReference; lastKnownFileType = sourcecode.swift; path = GameViewController.swift; sourceTree = "<group>"; };
		20279F522A76934700DD0AC5 /* Base */ = {isa = PBXFileReference; lastKnownFileType = file.storyboard; name = Base; path = Base.lproj/Main.storyboard; sourceTree = "<group>"; };
		20279F542A76934900DD0AC5 /* Assets.xcassets */ = {isa = PBXFileReference; lastKnownFileType = folder.assetcatalog; path = Assets.xcassets; sourceTree = "<group>"; };
		20279F572A76934900DD0AC5 /* Base */ = {isa = PBXFileReference; lastKnownFileType = file.storyboard; name = Base; path = Base.lproj/LaunchScreen.storyboard; sourceTree = "<group>"; };
		2081D1582A7F98FA00C9E1DC /* ucl.mp3 */ = {isa = PBXFileReference; lastKnownFileType = audio.mp3; path = ucl.mp3; sourceTree = "<group>"; };
		20DD2E272A77F5BF00514C18 /* aşkınolayım.mp3 */ = {isa = PBXFileReference; lastKnownFileType = audio.mp3; path = "aşkınolayım.mp3"; sourceTree = "<group>"; };
		20DD2E2D2A7A7C4600514C18 /* bee.mp3 */ = {isa = PBXFileReference; lastKnownFileType = audio.mp3; path = bee.mp3; sourceTree = "<group>"; };
		20DD2E352A7BDF5C00514C18 /* MenuScene.sks */ = {isa = PBXFileReference; lastKnownFileType = file.sks; path = MenuScene.sks; sourceTree = "<group>"; };
		20DD2E372A7BE15D00514C18 /* MenuScene.swift */ = {isa = PBXFileReference; lastKnownFileType = sourcecode.swift; name = MenuScene.swift; path = ../MenuScene.swift; sourceTree = "<group>"; };
		20DD2E392A7BF6AB00514C18 /* GameSceneLevel2.sks */ = {isa = PBXFileReference; lastKnownFileType = file.sks; path = GameSceneLevel2.sks; sourceTree = "<group>"; };
		20DD2E3B2A7BF6B600514C18 /* GameSceneLevel2.swift */ = {isa = PBXFileReference; lastKnownFileType = sourcecode.swift; path = GameSceneLevel2.swift; sourceTree = "<group>"; };
		20DD2E3D2A7C016500514C18 /* theme.mp3 */ = {isa = PBXFileReference; lastKnownFileType = audio.mp3; path = theme.mp3; sourceTree = "<group>"; };
		20ED85302A7D26A500742D56 /* GameSceneLevel3.sks */ = {isa = PBXFileReference; lastKnownFileType = file.sks; path = GameSceneLevel3.sks; sourceTree = "<group>"; };
		20ED85322A7D26B500742D56 /* GameSceneLevel3.swift */ = {isa = PBXFileReference; lastKnownFileType = sourcecode.swift; path = GameSceneLevel3.swift; sourceTree = "<group>"; };
/* End PBXFileReference section */

/* Begin PBXFrameworksBuildPhase section */
		20279F412A76934700DD0AC5 /* Frameworks */ = {
			isa = PBXFrameworksBuildPhase;
			buildActionMask = 2147483647;
			files = (
			);
			runOnlyForDeploymentPostprocessing = 0;
		};
/* End PBXFrameworksBuildPhase section */

/* Begin PBXGroup section */
		20279F3B2A76934700DD0AC5 = {
			isa = PBXGroup;
			children = (
				20279F462A76934700DD0AC5 /* Championship Road */,
				20279F452A76934700DD0AC5 /* Products */,
			);
			sourceTree = "<group>";
		};
		20279F452A76934700DD0AC5 /* Products */ = {
			isa = PBXGroup;
			children = (
				20279F442A76934700DD0AC5 /* Championship Road.app */,
			);
			name = Products;
			sourceTree = "<group>";
		};
		20279F462A76934700DD0AC5 /* Championship Road */ = {
			isa = PBXGroup;
			children = (
				2081D1582A7F98FA00C9E1DC /* ucl.mp3 */,
				20DD2E2D2A7A7C4600514C18 /* bee.mp3 */,
				20DD2E3D2A7C016500514C18 /* theme.mp3 */,
				20DD2E272A77F5BF00514C18 /* aşkınolayım.mp3 */,
				20279F472A76934700DD0AC5 /* AppDelegate.swift */,
				20ED85302A7D26A500742D56 /* GameSceneLevel3.sks */,
				20ED85322A7D26B500742D56 /* GameSceneLevel3.swift */,
				20DD2E392A7BF6AB00514C18 /* GameSceneLevel2.sks */,
				20DD2E3B2A7BF6B600514C18 /* GameSceneLevel2.swift */,
				20279F492A76934700DD0AC5 /* GameScene.sks */,
				20279F4D2A76934700DD0AC5 /* GameScene.swift */,
				20DD2E352A7BDF5C00514C18 /* MenuScene.sks */,
				20DD2E372A7BE15D00514C18 /* MenuScene.swift */,
				20279F4B2A76934700DD0AC5 /* Actions.sks */,
				20279F4F2A76934700DD0AC5 /* GameViewController.swift */,
				20279F512A76934700DD0AC5 /* Main.storyboard */,
				20279F542A76934900DD0AC5 /* Assets.xcassets */,
				20279F562A76934900DD0AC5 /* LaunchScreen.storyboard */,
			);
			path = "Championship Road";
			sourceTree = "<group>";
		};
/* End PBXGroup section */

/* Begin PBXNativeTarget section */
		20279F432A76934700DD0AC5 /* Championship Road */ = {
			isa = PBXNativeTarget;
			buildConfigurationList = 20279F5B2A76934900DD0AC5 /* Build configuration list for PBXNativeTarget "Championship Road" */;
			buildPhases = (
				20279F402A76934700DD0AC5 /* Sources */,
				20279F412A76934700DD0AC5 /* Frameworks */,
				20279F422A76934700DD0AC5 /* Resources */,
			);
			buildRules = (
			);
			dependencies = (
			);
			name = "Championship Road";
			productName = "Championship Road";
			productReference = 20279F442A76934700DD0AC5 /* Championship Road.app */;
			productType = "com.apple.product-type.application";
		};
/* End PBXNativeTarget section */

/* Begin PBXProject section */
		20279F3C2A76934700DD0AC5 /* Project object */ = {
			isa = PBXProject;
			attributes = {
				BuildIndependentTargetsInParallel = 1;
				LastSwiftUpdateCheck = 1430;
				LastUpgradeCheck = 1430;
				TargetAttributes = {
					20279F432A76934700DD0AC5 = {
						CreatedOnToolsVersion = 14.3.1;
					};
				};
			};
			buildConfigurationList = 20279F3F2A76934700DD0AC5 /* Build configuration list for PBXProject "Championship Road" */;
			compatibilityVersion = "Xcode 14.0";
			developmentRegion = en;
			hasScannedForEncodings = 0;
			knownRegions = (
				en,
				Base,
			);
			mainGroup = 20279F3B2A76934700DD0AC5;
			productRefGroup = 20279F452A76934700DD0AC5 /* Products */;
			projectDirPath = "";
			projectRoot = "";
			targets = (
				20279F432A76934700DD0AC5 /* Championship Road */,
			);
		};
/* End PBXProject section */

/* Begin PBXResourcesBuildPhase section */
		20279F422A76934700DD0AC5 /* Resources */ = {
			isa = PBXResourcesBuildPhase;
			buildActionMask = 2147483647;
			files = (
				2081D1592A7F98FB00C9E1DC /* ucl.mp3 in Resources */,
				20DD2E3E2A7C016500514C18 /* theme.mp3 in Resources */,
				20DD2E2E2A7A7C4600514C18 /* bee.mp3 in Resources */,
				20DD2E282A77F5BF00514C18 /* aşkınolayım.mp3 in Resources */,
				20279F532A76934700DD0AC5 /* Main.storyboard in Resources */,
				20279F4A2A76934700DD0AC5 /* GameScene.sks in Resources */,
				20DD2E3A2A7BF6AB00514C18 /* GameSceneLevel2.sks in Resources */,
				20ED85312A7D26A500742D56 /* GameSceneLevel3.sks in Resources */,
				20279F552A76934900DD0AC5 /* Assets.xcassets in Resources */,
				20279F582A76934900DD0AC5 /* LaunchScreen.storyboard in Resources */,
				20279F4C2A76934700DD0AC5 /* Actions.sks in Resources */,
				20DD2E362A7BDF5C00514C18 /* MenuScene.sks in Resources */,
			);
			runOnlyForDeploymentPostprocessing = 0;
		};
/* End PBXResourcesBuildPhase section */

/* Begin PBXSourcesBuildPhase section */
		20279F402A76934700DD0AC5 /* Sources */ = {
			isa = PBXSourcesBuildPhase;
			buildActionMask = 2147483647;
			files = (
				20DD2E3C2A7BF6B600514C18 /* GameSceneLevel2.swift in Sources */,
				20279F4E2A76934700DD0AC5 /* GameScene.swift in Sources */,
				20DD2E382A7BE15D00514C18 /* MenuScene.swift in Sources */,
				20279F502A76934700DD0AC5 /* GameViewController.swift in Sources */,
				20279F482A76934700DD0AC5 /* AppDelegate.swift in Sources */,
				20ED85332A7D26B500742D56 /* GameSceneLevel3.swift in Sources */,
			);
			runOnlyForDeploymentPostprocessing = 0;
		};
/* End PBXSourcesBuildPhase section */

/* Begin PBXVariantGroup section */
		20279F512A76934700DD0AC5 /* Main.storyboard */ = {
			isa = PBXVariantGroup;
			children = (
				20279F522A76934700DD0AC5 /* Base */,
			);
			name = Main.storyboard;
			sourceTree = "<group>";
		};
		20279F562A76934900DD0AC5 /* LaunchScreen.storyboard */ = {
			isa = PBXVariantGroup;
			children = (
				20279F572A76934900DD0AC5 /* Base */,
			);
			name = LaunchScreen.storyboard;
			sourceTree = "<group>";
		};
/* End PBXVariantGroup section */

/* Begin XCBuildConfiguration section */
		20279F592A76934900DD0AC5 /* Debug */ = {
			isa = XCBuildConfiguration;
			buildSettings = {
				ALWAYS_SEARCH_USER_PATHS = NO;
				CLANG_ANALYZER_NONNULL = YES;
				CLANG_ANALYZER_NUMBER_OBJECT_CONVERSION = YES_AGGRESSIVE;
				CLANG_CXX_LANGUAGE_STANDARD = "gnu++20";
				CLANG_ENABLE_MODULES = YES;
				CLANG_ENABLE_OBJC_ARC = YES;
				CLANG_ENABLE_OBJC_WEAK = YES;
				CLANG_WARN_BLOCK_CAPTURE_AUTORELEASING = YES;
				CLANG_WARN_BOOL_CONVERSION = YES;
				CLANG_WARN_COMMA = YES;
				CLANG_WARN_CONSTANT_CONVERSION = YES;
				CLANG_WARN_DEPRECATED_OBJC_IMPLEMENTATIONS = YES;
				CLANG_WARN_DIRECT_OBJC_ISA_USAGE = YES_ERROR;
				CLANG_WARN_DOCUMENTATION_COMMENTS = YES;
				CLANG_WARN_EMPTY_BODY = YES;
				CLANG_WARN_ENUM_CONVERSION = YES;
				CLANG_WARN_INFINITE_RECURSION = YES;
				CLANG_WARN_INT_CONVERSION = YES;
				CLANG_WARN_NON_LITERAL_NULL_CONVERSION = YES;
				CLANG_WARN_OBJC_IMPLICIT_RETAIN_SELF = YES;
				CLANG_WARN_OBJC_LITERAL_CONVERSION = YES;
				CLANG_WARN_OBJC_ROOT_CLASS = YES_ERROR;
				CLANG_WARN_QUOTED_INCLUDE_IN_FRAMEWORK_HEADER = YES;
				CLANG_WARN_RANGE_LOOP_ANALYSIS = YES;
				CLANG_WARN_STRICT_PROTOTYPES = YES;
				CLANG_WARN_SUSPICIOUS_MOVE = YES;
				CLANG_WARN_UNGUARDED_AVAILABILITY = YES_AGGRESSIVE;
				CLANG_WARN_UNREACHABLE_CODE = YES;
				CLANG_WARN__DUPLICATE_METHOD_MATCH = YES;
				COPY_PHASE_STRIP = NO;
				DEBUG_INFORMATION_FORMAT = dwarf;
				ENABLE_STRICT_OBJC_MSGSEND = YES;
				ENABLE_TESTABILITY = YES;
				GCC_C_LANGUAGE_STANDARD = gnu11;
				GCC_DYNAMIC_NO_PIC = NO;
				GCC_NO_COMMON_BLOCKS = YES;
				GCC_OPTIMIZATION_LEVEL = 0;
				GCC_PREPROCESSOR_DEFINITIONS = (
					"DEBUG=1",
					"$(inherited)",
				);
				GCC_WARN_64_TO_32_BIT_CONVERSION = YES;
				GCC_WARN_ABOUT_RETURN_TYPE = YES_ERROR;
				GCC_WARN_UNDECLARED_SELECTOR = YES;
				GCC_WARN_UNINITIALIZED_AUTOS = YES_AGGRESSIVE;
				GCC_WARN_UNUSED_FUNCTION = YES;
				GCC_WARN_UNUSED_VARIABLE = YES;
				IPHONEOS_DEPLOYMENT_TARGET = 16.4;
				MTL_ENABLE_DEBUG_INFO = INCLUDE_SOURCE;
				MTL_FAST_MATH = YES;
				ONLY_ACTIVE_ARCH = YES;
				SDKROOT = iphoneos;
				SWIFT_ACTIVE_COMPILATION_CONDITIONS = DEBUG;
				SWIFT_OPTIMIZATION_LEVEL = "-Onone";
			};
			name = Debug;
		};
		20279F5A2A76934900DD0AC5 /* Release */ = {
			isa = XCBuildConfiguration;
			buildSettings = {
				ALWAYS_SEARCH_USER_PATHS = NO;
				CLANG_ANALYZER_NONNULL = YES;
				CLANG_ANALYZER_NUMBER_OBJECT_CONVERSION = YES_AGGRESSIVE;
				CLANG_CXX_LANGUAGE_STANDARD = "gnu++20";
				CLANG_ENABLE_MODULES = YES;
				CLANG_ENABLE_OBJC_ARC = YES;
				CLANG_ENABLE_OBJC_WEAK = YES;
				CLANG_WARN_BLOCK_CAPTURE_AUTORELEASING = YES;
				CLANG_WARN_BOOL_CONVERSION = YES;
				CLANG_WARN_COMMA = YES;
				CLANG_WARN_CONSTANT_CONVERSION = YES;
				CLANG_WARN_DEPRECATED_OBJC_IMPLEMENTATIONS = YES;
				CLANG_WARN_DIRECT_OBJC_ISA_USAGE = YES_ERROR;
				CLANG_WARN_DOCUMENTATION_COMMENTS = YES;
				CLANG_WARN_EMPTY_BODY = YES;
				CLANG_WARN_ENUM_CONVERSION = YES;
				CLANG_WARN_INFINITE_RECURSION = YES;
				CLANG_WARN_INT_CONVERSION = YES;
				CLANG_WARN_NON_LITERAL_NULL_CONVERSION = YES;
				CLANG_WARN_OBJC_IMPLICIT_RETAIN_SELF = YES;
				CLANG_WARN_OBJC_LITERAL_CONVERSION = YES;
				CLANG_WARN_OBJC_ROOT_CLASS = YES_ERROR;
				CLANG_WARN_QUOTED_INCLUDE_IN_FRAMEWORK_HEADER = YES;
				CLANG_WARN_RANGE_LOOP_ANALYSIS = YES;
				CLANG_WARN_STRICT_PROTOTYPES = YES;
				CLANG_WARN_SUSPICIOUS_MOVE = YES;
				CLANG_WARN_UNGUARDED_AVAILABILITY = YES_AGGRESSIVE;
				CLANG_WARN_UNREACHABLE_CODE = YES;
				CLANG_WARN__DUPLICATE_METHOD_MATCH = YES;
				COPY_PHASE_STRIP = NO;
				DEBUG_INFORMATION_FORMAT = "dwarf-with-dsym";
				ENABLE_NS_ASSERTIONS = NO;
				ENABLE_STRICT_OBJC_MSGSEND = YES;
				GCC_C_LANGUAGE_STANDARD = gnu11;
				GCC_NO_COMMON_BLOCKS = YES;
				GCC_WARN_64_TO_32_BIT_CONVERSION = YES;
				GCC_WARN_ABOUT_RETURN_TYPE = YES_ERROR;
				GCC_WARN_UNDECLARED_SELECTOR = YES;
				GCC_WARN_UNINITIALIZED_AUTOS = YES_AGGRESSIVE;
				GCC_WARN_UNUSED_FUNCTION = YES;
				GCC_WARN_UNUSED_VARIABLE = YES;
				IPHONEOS_DEPLOYMENT_TARGET = 16.4;
				MTL_ENABLE_DEBUG_INFO = NO;
				MTL_FAST_MATH = YES;
				SDKROOT = iphoneos;
				SWIFT_COMPILATION_MODE = wholemodule;
				SWIFT_OPTIMIZATION_LEVEL = "-O";
				VALIDATE_PRODUCT = YES;
			};
			name = Release;
		};
		20279F5C2A76934900DD0AC5 /* Debug */ = {
			isa = XCBuildConfiguration;
			buildSettings = {
				ASSETCATALOG_COMPILER_APPICON_NAME = AppIcon;
				ASSETCATALOG_COMPILER_GLOBAL_ACCENT_COLOR_NAME = AccentColor;
				CODE_SIGN_STYLE = Automatic;
				CURRENT_PROJECT_VERSION = 1;
				DEVELOPMENT_TEAM = 47L4359G28;
				GENERATE_INFOPLIST_FILE = YES;
				INFOPLIST_KEY_UIApplicationSupportsIndirectInputEvents = YES;
				INFOPLIST_KEY_UILaunchStoryboardName = LaunchScreen;
				INFOPLIST_KEY_UIMainStoryboardFile = Main;
				INFOPLIST_KEY_UIStatusBarHidden = YES;
				INFOPLIST_KEY_UISupportedInterfaceOrientations = "UIInterfaceOrientationLandscapeLeft UIInterfaceOrientationLandscapeRight";
				LD_RUNPATH_SEARCH_PATHS = (
					"$(inherited)",
					"@executable_path/Frameworks",
				);
				MARKETING_VERSION = 1.0;
				PRODUCT_BUNDLE_IDENTIFIER = "kaan.Championship-Road";
				PRODUCT_NAME = "$(TARGET_NAME)";
				SWIFT_EMIT_LOC_STRINGS = YES;
				SWIFT_VERSION = 5.0;
				TARGETED_DEVICE_FAMILY = "1,2";
			};
			name = Debug;
		};
		20279F5D2A76934900DD0AC5 /* Release */ = {
			isa = XCBuildConfiguration;
			buildSettings = {
				ASSETCATALOG_COMPILER_APPICON_NAME = AppIcon;
				ASSETCATALOG_COMPILER_GLOBAL_ACCENT_COLOR_NAME = AccentColor;
				CODE_SIGN_STYLE = Automatic;
				CURRENT_PROJECT_VERSION = 1;
				DEVELOPMENT_TEAM = 47L4359G28;
				GENERATE_INFOPLIST_FILE = YES;
				INFOPLIST_KEY_UIApplicationSupportsIndirectInputEvents = YES;
				INFOPLIST_KEY_UILaunchStoryboardName = LaunchScreen;
				INFOPLIST_KEY_UIMainStoryboardFile = Main;
				INFOPLIST_KEY_UIStatusBarHidden = YES;
				INFOPLIST_KEY_UISupportedInterfaceOrientations = "UIInterfaceOrientationLandscapeLeft UIInterfaceOrientationLandscapeRight";
				LD_RUNPATH_SEARCH_PATHS = (
					"$(inherited)",
					"@executable_path/Frameworks",
				);
				MARKETING_VERSION = 1.0;
				PRODUCT_BUNDLE_IDENTIFIER = "kaan.Championship-Road";
				PRODUCT_NAME = "$(TARGET_NAME)";
				SWIFT_EMIT_LOC_STRINGS = YES;
				SWIFT_VERSION = 5.0;
				TARGETED_DEVICE_FAMILY = "1,2";
			};
			name = Release;
		};
/* End XCBuildConfiguration section */

/* Begin XCConfigurationList section */
		20279F3F2A76934700DD0AC5 /* Build configuration list for PBXProject "Championship Road" */ = {
			isa = XCConfigurationList;
			buildConfigurations = (
				20279F592A76934900DD0AC5 /* Debug */,
				20279F5A2A76934900DD0AC5 /* Release */,
			);
			defaultConfigurationIsVisible = 0;
			defaultConfigurationName = Release;
		};
		20279F5B2A76934900DD0AC5 /* Build configuration list for PBXNativeTarget "Championship Road" */ = {
			isa = XCConfigurationList;
			buildConfigurations = (
				20279F5C2A76934900DD0AC5 /* Debug */,
				20279F5D2A76934900DD0AC5 /* Release */,
			);
			defaultConfigurationIsVisible = 0;
			defaultConfigurationName = Release;
		};
/* End XCConfigurationList section */
	};
	rootObject = 20279F3C2A76934700DD0AC5 /* Project object */;
}
